// !$*UTF8*$!
{
	archiveVersion = 1;
	classes = {
	};
	objectVersion = 55;
	objects = {

/* Begin PBXBuildFile section */
		F1920E88281D6D9F000DB229 /* DetailEditView.swift in Sources */ = {isa = PBXBuildFile; fileRef = F1920E87281D6D9F000DB229 /* DetailEditView.swift */; };
		F1920E8A281D78C9000DB229 /* ThemeView.swift in Sources */ = {isa = PBXBuildFile; fileRef = F1920E89281D78C9000DB229 /* ThemeView.swift */; };
		F1920E8C281D7AA5000DB229 /* ThemePicker.swift in Sources */ = {isa = PBXBuildFile; fileRef = F1920E8B281D7AA5000DB229 /* ThemePicker.swift */; };
		F1CD59C727F3DA9C00055EFF /* ScrumdingerApp.swift in Sources */ = {isa = PBXBuildFile; fileRef = F1CD59C627F3DA9C00055EFF /* ScrumdingerApp.swift */; };
		F1CD59C927F3DA9C00055EFF /* MeetingView.swift in Sources */ = {isa = PBXBuildFile; fileRef = F1CD59C827F3DA9C00055EFF /* MeetingView.swift */; };
		F1CD59CB27F3DAA000055EFF /* Assets.xcassets in Resources */ = {isa = PBXBuildFile; fileRef = F1CD59CA27F3DAA000055EFF /* Assets.xcassets */; };
		F1CD59CE27F3DAA000055EFF /* Preview Assets.xcassets in Resources */ = {isa = PBXBuildFile; fileRef = F1CD59CD27F3DAA000055EFF /* Preview Assets.xcassets */; };
		F1CD59D827F3DAA100055EFF /* ScrumdingerTests.swift in Sources */ = {isa = PBXBuildFile; fileRef = F1CD59D727F3DAA100055EFF /* ScrumdingerTests.swift */; };
		F1CD59E227F3DAA100055EFF /* ScrumdingerUITests.swift in Sources */ = {isa = PBXBuildFile; fileRef = F1CD59E127F3DAA100055EFF /* ScrumdingerUITests.swift */; };
		F1CD59E427F3DAA100055EFF /* ScrumdingerUITestsLaunchTests.swift in Sources */ = {isa = PBXBuildFile; fileRef = F1CD59E327F3DAA100055EFF /* ScrumdingerUITestsLaunchTests.swift */; };
		F1CD59F227F3E92B00055EFF /* Theme.swift in Sources */ = {isa = PBXBuildFile; fileRef = F1CD59F127F3E92B00055EFF /* Theme.swift */; };
		F1CD59F427F3EBB100055EFF /* DailyScrum.swift in Sources */ = {isa = PBXBuildFile; fileRef = F1CD59F327F3EBB000055EFF /* DailyScrum.swift */; };
		F1CD59F627F3ED7200055EFF /* CardView.swift in Sources */ = {isa = PBXBuildFile; fileRef = F1CD59F527F3ED7200055EFF /* CardView.swift */; };
		F1CD59F827F3F92400055EFF /* TrailingIconLabelStyle.swift in Sources */ = {isa = PBXBuildFile; fileRef = F1CD59F727F3F92400055EFF /* TrailingIconLabelStyle.swift */; };
		F1CD59FA27F400B200055EFF /* ScrumsView.swift in Sources */ = {isa = PBXBuildFile; fileRef = F1CD59F927F400B200055EFF /* ScrumsView.swift */; };
		F1CD59FC27F418DB00055EFF /* DetailView.swift in Sources */ = {isa = PBXBuildFile; fileRef = F1CD59FB27F418DB00055EFF /* DetailView.swift */; };
/* End PBXBuildFile section */

/* Begin PBXContainerItemProxy section */
		F1CD59D427F3DAA100055EFF /* PBXContainerItemProxy */ = {
			isa = PBXContainerItemProxy;
			containerPortal = F1CD59BB27F3DA9C00055EFF /* Project object */;
			proxyType = 1;
			remoteGlobalIDString = F1CD59C227F3DA9C00055EFF;
			remoteInfo = Scrumdinger;
		};
		F1CD59DE27F3DAA100055EFF /* PBXContainerItemProxy */ = {
			isa = PBXContainerItemProxy;
			containerPortal = F1CD59BB27F3DA9C00055EFF /* Project object */;
			proxyType = 1;
			remoteGlobalIDString = F1CD59C227F3DA9C00055EFF;
			remoteInfo = Scrumdinger;
		};
/* End PBXContainerItemProxy section */

/* Begin PBXFileReference section */
		F1920E87281D6D9F000DB229 /* DetailEditView.swift */ = {isa = PBXFileReference; lastKnownFileType = sourcecode.swift; path = DetailEditView.swift; sourceTree = "<group>"; };
		F1920E89281D78C9000DB229 /* ThemeView.swift */ = {isa = PBXFileReference; lastKnownFileType = sourcecode.swift; path = ThemeView.swift; sourceTree = "<group>"; };
		F1920E8B281D7AA5000DB229 /* ThemePicker.swift */ = {isa = PBXFileReference; lastKnownFileType = sourcecode.swift; path = ThemePicker.swift; sourceTree = "<group>"; };
		F1CD59C327F3DA9C00055EFF /* Scrumdinger.app */ = {isa = PBXFileReference; explicitFileType = wrapper.application; includeInIndex = 0; path = Scrumdinger.app; sourceTree = BUILT_PRODUCTS_DIR; };
		F1CD59C627F3DA9C00055EFF /* ScrumdingerApp.swift */ = {isa = PBXFileReference; lastKnownFileType = sourcecode.swift; path = ScrumdingerApp.swift; sourceTree = "<group>"; };
		F1CD59C827F3DA9C00055EFF /* MeetingView.swift */ = {isa = PBXFileReference; lastKnownFileType = sourcecode.swift; path = MeetingView.swift; sourceTree = "<group>"; };
		F1CD59CA27F3DAA000055EFF /* Assets.xcassets */ = {isa = PBXFileReference; lastKnownFileType = folder.assetcatalog; path = Assets.xcassets; sourceTree = "<group>"; };
		F1CD59CD27F3DAA000055EFF /* Preview Assets.xcassets */ = {isa = PBXFileReference; lastKnownFileType = folder.assetcatalog; path = "Preview Assets.xcassets"; sourceTree = "<group>"; };
		F1CD59D327F3DAA100055EFF /* ScrumdingerTests.xctest */ = {isa = PBXFileReference; explicitFileType = wrapper.cfbundle; includeInIndex = 0; path = ScrumdingerTests.xctest; sourceTree = BUILT_PRODUCTS_DIR; };
		F1CD59D727F3DAA100055EFF /* ScrumdingerTests.swift */ = {isa = PBXFileReference; lastKnownFileType = sourcecode.swift; path = ScrumdingerTests.swift; sourceTree = "<group>"; };
		F1CD59DD27F3DAA100055EFF /* ScrumdingerUITests.xctest */ = {isa = PBXFileReference; explicitFileType = wrapper.cfbundle; includeInIndex = 0; path = ScrumdingerUITests.xctest; sourceTree = BUILT_PRODUCTS_DIR; };
		F1CD59E127F3DAA100055EFF /* ScrumdingerUITests.swift */ = {isa = PBXFileReference; lastKnownFileType = sourcecode.swift; path = ScrumdingerUITests.swift; sourceTree = "<group>"; };
		F1CD59E327F3DAA100055EFF /* ScrumdingerUITestsLaunchTests.swift */ = {isa = PBXFileReference; lastKnownFileType = sourcecode.swift; path = ScrumdingerUITestsLaunchTests.swift; sourceTree = "<group>"; };
		F1CD59F127F3E92B00055EFF /* Theme.swift */ = {isa = PBXFileReference; lastKnownFileType = sourcecode.swift; path = Theme.swift; sourceTree = "<group>"; };
		F1CD59F327F3EBB000055EFF /* DailyScrum.swift */ = {isa = PBXFileReference; lastKnownFileType = sourcecode.swift; path = DailyScrum.swift; sourceTree = "<group>"; };
		F1CD59F527F3ED7200055EFF /* CardView.swift */ = {isa = PBXFileReference; lastKnownFileType = sourcecode.swift; path = CardView.swift; sourceTree = "<group>"; };
		F1CD59F727F3F92400055EFF /* TrailingIconLabelStyle.swift */ = {isa = PBXFileReference; lastKnownFileType = sourcecode.swift; path = TrailingIconLabelStyle.swift; sourceTree = "<group>"; };
		F1CD59F927F400B200055EFF /* ScrumsView.swift */ = {isa = PBXFileReference; lastKnownFileType = sourcecode.swift; path = ScrumsView.swift; sourceTree = "<group>"; };
		F1CD59FB27F418DB00055EFF /* DetailView.swift */ = {isa = PBXFileReference; lastKnownFileType = sourcecode.swift; path = DetailView.swift; sourceTree = "<group>"; };
/* End PBXFileReference section */

/* Begin PBXFrameworksBuildPhase section */
		F1CD59C027F3DA9C00055EFF /* Frameworks */ = {
			isa = PBXFrameworksBuildPhase;
			buildActionMask = 2147483647;
			files = (
			);
			runOnlyForDeploymentPostprocessing = 0;
		};
		F1CD59D027F3DAA100055EFF /* Frameworks */ = {
			isa = PBXFrameworksBuildPhase;
			buildActionMask = 2147483647;
			files = (
			);
			runOnlyForDeploymentPostprocessing = 0;
		};
		F1CD59DA27F3DAA100055EFF /* Frameworks */ = {
			isa = PBXFrameworksBuildPhase;
			buildActionMask = 2147483647;
			files = (
			);
			runOnlyForDeploymentPostprocessing = 0;
		};
/* End PBXFrameworksBuildPhase section */

/* Begin PBXGroup section */
		F1CD59BA27F3DA9C00055EFF = {
			isa = PBXGroup;
			children = (
				F1CD59C527F3DA9C00055EFF /* Scrumdinger */,
				F1CD59D627F3DAA100055EFF /* ScrumdingerTests */,
				F1CD59E027F3DAA100055EFF /* ScrumdingerUITests */,
				F1CD59C427F3DA9C00055EFF /* Products */,
			);
			sourceTree = "<group>";
		};
		F1CD59C427F3DA9C00055EFF /* Products */ = {
			isa = PBXGroup;
			children = (
				F1CD59C327F3DA9C00055EFF /* Scrumdinger.app */,
				F1CD59D327F3DAA100055EFF /* ScrumdingerTests.xctest */,
				F1CD59DD27F3DAA100055EFF /* ScrumdingerUITests.xctest */,
			);
			name = Products;
			sourceTree = "<group>";
		};
		F1CD59C527F3DA9C00055EFF /* Scrumdinger */ = {
			isa = PBXGroup;
			children = (
				F1CD59F027F3E8FC00055EFF /* Models */,
				F1CD59C627F3DA9C00055EFF /* ScrumdingerApp.swift */,
				F1CD59C827F3DA9C00055EFF /* MeetingView.swift */,
				F1CD59CA27F3DAA000055EFF /* Assets.xcassets */,
				F1CD59CC27F3DAA000055EFF /* Preview Content */,
				F1CD59F527F3ED7200055EFF /* CardView.swift */,
				F1CD59F727F3F92400055EFF /* TrailingIconLabelStyle.swift */,
				F1CD59F927F400B200055EFF /* ScrumsView.swift */,
				F1CD59FB27F418DB00055EFF /* DetailView.swift */,
				F1920E87281D6D9F000DB229 /* DetailEditView.swift */,
				F1920E89281D78C9000DB229 /* ThemeView.swift */,
				F1920E8B281D7AA5000DB229 /* ThemePicker.swift */,
			);
			path = Scrumdinger;
			sourceTree = "<group>";
		};
		F1CD59CC27F3DAA000055EFF /* Preview Content */ = {
			isa = PBXGroup;
			children = (
				F1CD59CD27F3DAA000055EFF /* Preview Assets.xcassets */,
			);
			path = "Preview Content";
			sourceTree = "<group>";
		};
		F1CD59D627F3DAA100055EFF /* ScrumdingerTests */ = {
			isa = PBXGroup;
			children = (
				F1CD59D727F3DAA100055EFF /* ScrumdingerTests.swift */,
			);
			path = ScrumdingerTests;
			sourceTree = "<group>";
		};
		F1CD59E027F3DAA100055EFF /* ScrumdingerUITests */ = {
			isa = PBXGroup;
			children = (
				F1CD59E127F3DAA100055EFF /* ScrumdingerUITests.swift */,
				F1CD59E327F3DAA100055EFF /* ScrumdingerUITestsLaunchTests.swift */,
			);
			path = ScrumdingerUITests;
			sourceTree = "<group>";
		};
		F1CD59F027F3E8FC00055EFF /* Models */ = {
			isa = PBXGroup;
			children = (
				F1CD59F127F3E92B00055EFF /* Theme.swift */,
				F1CD59F327F3EBB000055EFF /* DailyScrum.swift */,
			);
			path = Models;
			sourceTree = "<group>";
		};
/* End PBXGroup section */

/* Begin PBXNativeTarget section */
		F1CD59C227F3DA9C00055EFF /* Scrumdinger */ = {
			isa = PBXNativeTarget;
			buildConfigurationList = F1CD59E727F3DAA100055EFF /* Build configuration list for PBXNativeTarget "Scrumdinger" */;
			buildPhases = (
				F1CD59BF27F3DA9C00055EFF /* Sources */,
				F1CD59C027F3DA9C00055EFF /* Frameworks */,
				F1CD59C127F3DA9C00055EFF /* Resources */,
			);
			buildRules = (
			);
			dependencies = (
			);
			name = Scrumdinger;
			productName = Scrumdinger;
			productReference = F1CD59C327F3DA9C00055EFF /* Scrumdinger.app */;
			productType = "com.apple.product-type.application";
		};
		F1CD59D227F3DAA100055EFF /* ScrumdingerTests */ = {
			isa = PBXNativeTarget;
			buildConfigurationList = F1CD59EA27F3DAA100055EFF /* Build configuration list for PBXNativeTarget "ScrumdingerTests" */;
			buildPhases = (
				F1CD59CF27F3DAA100055EFF /* Sources */,
				F1CD59D027F3DAA100055EFF /* Frameworks */,
				F1CD59D127F3DAA100055EFF /* Resources */,
			);
			buildRules = (
			);
			dependencies = (
				F1CD59D527F3DAA100055EFF /* PBXTargetDependency */,
			);
			name = ScrumdingerTests;
			productName = ScrumdingerTests;
			productReference = F1CD59D327F3DAA100055EFF /* ScrumdingerTests.xctest */;
			productType = "com.apple.product-type.bundle.unit-test";
		};
		F1CD59DC27F3DAA100055EFF /* ScrumdingerUITests */ = {
			isa = PBXNativeTarget;
			buildConfigurationList = F1CD59ED27F3DAA100055EFF /* Build configuration list for PBXNativeTarget "ScrumdingerUITests" */;
			buildPhases = (
				F1CD59D927F3DAA100055EFF /* Sources */,
				F1CD59DA27F3DAA100055EFF /* Frameworks */,
				F1CD59DB27F3DAA100055EFF /* Resources */,
			);
			buildRules = (
			);
			dependencies = (
				F1CD59DF27F3DAA100055EFF /* PBXTargetDependency */,
			);
			name = ScrumdingerUITests;
			productName = ScrumdingerUITests;
			productReference = F1CD59DD27F3DAA100055EFF /* ScrumdingerUITests.xctest */;
			productType = "com.apple.product-type.bundle.ui-testing";
		};
/* End PBXNativeTarget section */

/* Begin PBXProject section */
		F1CD59BB27F3DA9C00055EFF /* Project object */ = {
			isa = PBXProject;
			attributes = {
				BuildIndependentTargetsInParallel = 1;
				LastSwiftUpdateCheck = 1310;
				LastUpgradeCheck = 1310;
				TargetAttributes = {
					F1CD59C227F3DA9C00055EFF = {
						CreatedOnToolsVersion = 13.1;
					};
					F1CD59D227F3DAA100055EFF = {
						CreatedOnToolsVersion = 13.1;
						TestTargetID = F1CD59C227F3DA9C00055EFF;
					};
					F1CD59DC27F3DAA100055EFF = {
						CreatedOnToolsVersion = 13.1;
						TestTargetID = F1CD59C227F3DA9C00055EFF;
					};
				};
			};
			buildConfigurationList = F1CD59BE27F3DA9C00055EFF /* Build configuration list for PBXProject "Scrumdinger" */;
			compatibilityVersion = "Xcode 13.0";
			developmentRegion = en;
			hasScannedForEncodings = 0;
			knownRegions = (
				en,
				Base,
			);
			mainGroup = F1CD59BA27F3DA9C00055EFF;
			productRefGroup = F1CD59C427F3DA9C00055EFF /* Products */;
			projectDirPath = "";
			projectRoot = "";
			targets = (
				F1CD59C227F3DA9C00055EFF /* Scrumdinger */,
				F1CD59D227F3DAA100055EFF /* ScrumdingerTests */,
				F1CD59DC27F3DAA100055EFF /* ScrumdingerUITests */,
			);
		};
/* End PBXProject section */

/* Begin PBXResourcesBuildPhase section */
		F1CD59C127F3DA9C00055EFF /* Resources */ = {
			isa = PBXResourcesBuildPhase;
			buildActionMask = 2147483647;
			files = (
				F1CD59CE27F3DAA000055EFF /* Preview Assets.xcassets in Resources */,
				F1CD59CB27F3DAA000055EFF /* Assets.xcassets in Resources */,
			);
			runOnlyForDeploymentPostprocessing = 0;
		};
		F1CD59D127F3DAA100055EFF /* Resources */ = {
			isa = PBXResourcesBuildPhase;
			buildActionMask = 2147483647;
			files = (
			);
			runOnlyForDeploymentPostprocessing = 0;
		};
		F1CD59DB27F3DAA100055EFF /* Resources */ = {
			isa = PBXResourcesBuildPhase;
			buildActionMask = 2147483647;
			files = (
			);
			runOnlyForDeploymentPostprocessing = 0;
		};
/* End PBXResourcesBuildPhase section */

/* Begin PBXSourcesBuildPhase section */
		F1CD59BF27F3DA9C00055EFF /* Sources */ = {
			isa = PBXSourcesBuildPhase;
			buildActionMask = 2147483647;
			files = (
				F1920E8C281D7AA5000DB229 /* ThemePicker.swift in Sources */,
				F1CD59F427F3EBB100055EFF /* DailyScrum.swift in Sources */,
				F1CD59FC27F418DB00055EFF /* DetailView.swift in Sources */,
				F1920E88281D6D9F000DB229 /* DetailEditView.swift in Sources */,
				F1CD59F827F3F92400055EFF /* TrailingIconLabelStyle.swift in Sources */,
				F1CD59F227F3E92B00055EFF /* Theme.swift in Sources */,
				F1CD59FA27F400B200055EFF /* ScrumsView.swift in Sources */,
				F1CD59C927F3DA9C00055EFF /* MeetingView.swift in Sources */,
				F1CD59C727F3DA9C00055EFF /* ScrumdingerApp.swift in Sources */,
				F1920E8A281D78C9000DB229 /* ThemeView.swift in Sources */,
				F1CD59F627F3ED7200055EFF /* CardView.swift in Sources */,
			);
			runOnlyForDeploymentPostprocessing = 0;
		};
		F1CD59CF27F3DAA100055EFF /* Sources */ = {
			isa = PBXSourcesBuildPhase;
			buildActionMask = 2147483647;
			files = (
				F1CD59D827F3DAA100055EFF /* ScrumdingerTests.swift in Sources */,
			);
			runOnlyForDeploymentPostprocessing = 0;
		};
		F1CD59D927F3DAA100055EFF /* Sources */ = {
			isa = PBXSourcesBuildPhase;
			buildActionMask = 2147483647;
			files = (
				F1CD59E427F3DAA100055EFF /* ScrumdingerUITestsLaunchTests.swift in Sources */,
				F1CD59E227F3DAA100055EFF /* ScrumdingerUITests.swift in Sources */,
			);
			runOnlyForDeploymentPostprocessing = 0;
		};
/* End PBXSourcesBuildPhase section */

/* Begin PBXTargetDependency section */
		F1CD59D527F3DAA100055EFF /* PBXTargetDependency */ = {
			isa = PBXTargetDependency;
			target = F1CD59C227F3DA9C00055EFF /* Scrumdinger */;
			targetProxy = F1CD59D427F3DAA100055EFF /* PBXContainerItemProxy */;
		};
		F1CD59DF27F3DAA100055EFF /* PBXTargetDependency */ = {
			isa = PBXTargetDependency;
			target = F1CD59C227F3DA9C00055EFF /* Scrumdinger */;
			targetProxy = F1CD59DE27F3DAA100055EFF /* PBXContainerItemProxy */;
		};
/* End PBXTargetDependency section */

/* Begin XCBuildConfiguration section */
		F1CD59E527F3DAA100055EFF /* Debug */ = {
			isa = XCBuildConfiguration;
			buildSettings = {
				ALWAYS_SEARCH_USER_PATHS = NO;
				CLANG_ANALYZER_NONNULL = YES;
				CLANG_ANALYZER_NUMBER_OBJECT_CONVERSION = YES_AGGRESSIVE;
				CLANG_CXX_LANGUAGE_STANDARD = "gnu++17";
				CLANG_CXX_LIBRARY = "libc++";
				CLANG_ENABLE_MODULES = YES;
				CLANG_ENABLE_OBJC_ARC = YES;
				CLANG_ENABLE_OBJC_WEAK = YES;
				CLANG_WARN_BLOCK_CAPTURE_AUTORELEASING = YES;
				CLANG_WARN_BOOL_CONVERSION = YES;
				CLANG_WARN_COMMA = YES;
				CLANG_WARN_CONSTANT_CONVERSION = YES;
				CLANG_WARN_DEPRECATED_OBJC_IMPLEMENTATIONS = YES;
				CLANG_WARN_DIRECT_OBJC_ISA_USAGE = YES_ERROR;
				CLANG_WARN_DOCUMENTATION_COMMENTS = YES;
				CLANG_WARN_EMPTY_BODY = YES;
				CLANG_WARN_ENUM_CONVERSION = YES;
				CLANG_WARN_INFINITE_RECURSION = YES;
				CLANG_WARN_INT_CONVERSION = YES;
				CLANG_WARN_NON_LITERAL_NULL_CONVERSION = YES;
				CLANG_WARN_OBJC_IMPLICIT_RETAIN_SELF = YES;
				CLANG_WARN_OBJC_LITERAL_CONVERSION = YES;
				CLANG_WARN_OBJC_ROOT_CLASS = YES_ERROR;
				CLANG_WARN_QUOTED_INCLUDE_IN_FRAMEWORK_HEADER = YES;
				CLANG_WARN_RANGE_LOOP_ANALYSIS = YES;
				CLANG_WARN_STRICT_PROTOTYPES = YES;
				CLANG_WARN_SUSPICIOUS_MOVE = YES;
				CLANG_WARN_UNGUARDED_AVAILABILITY = YES_AGGRESSIVE;
				CLANG_WARN_UNREACHABLE_CODE = YES;
				CLANG_WARN__DUPLICATE_METHOD_MATCH = YES;
				COPY_PHASE_STRIP = NO;
				DEBUG_INFORMATION_FORMAT = dwarf;
				ENABLE_STRICT_OBJC_MSGSEND = YES;
				ENABLE_TESTABILITY = YES;
				GCC_C_LANGUAGE_STANDARD = gnu11;
				GCC_DYNAMIC_NO_PIC = NO;
				GCC_NO_COMMON_BLOCKS = YES;
				GCC_OPTIMIZATION_LEVEL = 0;
				GCC_PREPROCESSOR_DEFINITIONS = (
					"DEBUG=1",
					"$(inherited)",
				);
				GCC_WARN_64_TO_32_BIT_CONVERSION = YES;
				GCC_WARN_ABOUT_RETURN_TYPE = YES_ERROR;
				GCC_WARN_UNDECLARED_SELECTOR = YES;
				GCC_WARN_UNINITIALIZED_AUTOS = YES_AGGRESSIVE;
				GCC_WARN_UNUSED_FUNCTION = YES;
				GCC_WARN_UNUSED_VARIABLE = YES;
				IPHONEOS_DEPLOYMENT_TARGET = 15.0;
				MTL_ENABLE_DEBUG_INFO = INCLUDE_SOURCE;
				MTL_FAST_MATH = YES;
				ONLY_ACTIVE_ARCH = YES;
				SDKROOT = iphoneos;
				SWIFT_ACTIVE_COMPILATION_CONDITIONS = DEBUG;
				SWIFT_OPTIMIZATION_LEVEL = "-Onone";
			};
			name = Debug;
		};
		F1CD59E627F3DAA100055EFF /* Release */ = {
			isa = XCBuildConfiguration;
			buildSettings = {
				ALWAYS_SEARCH_USER_PATHS = NO;
				CLANG_ANALYZER_NONNULL = YES;
				CLANG_ANALYZER_NUMBER_OBJECT_CONVERSION = YES_AGGRESSIVE;
				CLANG_CXX_LANGUAGE_STANDARD = "gnu++17";
				CLANG_CXX_LIBRARY = "libc++";
				CLANG_ENABLE_MODULES = YES;
				CLANG_ENABLE_OBJC_ARC = YES;
				CLANG_ENABLE_OBJC_WEAK = YES;
				CLANG_WARN_BLOCK_CAPTURE_AUTORELEASING = YES;
				CLANG_WARN_BOOL_CONVERSION = YES;
				CLANG_WARN_COMMA = YES;
				CLANG_WARN_CONSTANT_CONVERSION = YES;
				CLANG_WARN_DEPRECATED_OBJC_IMPLEMENTATIONS = YES;
				CLANG_WARN_DIRECT_OBJC_ISA_USAGE = YES_ERROR;
				CLANG_WARN_DOCUMENTATION_COMMENTS = YES;
				CLANG_WARN_EMPTY_BODY = YES;
				CLANG_WARN_ENUM_CONVERSION = YES;
				CLANG_WARN_INFINITE_RECURSION = YES;
				CLANG_WARN_INT_CONVERSION = YES;
				CLANG_WARN_NON_LITERAL_NULL_CONVERSION = YES;
				CLANG_WARN_OBJC_IMPLICIT_RETAIN_SELF = YES;
				CLANG_WARN_OBJC_LITERAL_CONVERSION = YES;
				CLANG_WARN_OBJC_ROOT_CLASS = YES_ERROR;
				CLANG_WARN_QUOTED_INCLUDE_IN_FRAMEWORK_HEADER = YES;
				CLANG_WARN_RANGE_LOOP_ANALYSIS = YES;
				CLANG_WARN_STRICT_PROTOTYPES = YES;
				CLANG_WARN_SUSPICIOUS_MOVE = YES;
				CLANG_WARN_UNGUARDED_AVAILABILITY = YES_AGGRESSIVE;
				CLANG_WARN_UNREACHABLE_CODE = YES;
				CLANG_WARN__DUPLICATE_METHOD_MATCH = YES;
				COPY_PHASE_STRIP = NO;
				DEBUG_INFORMATION_FORMAT = "dwarf-with-dsym";
				ENABLE_NS_ASSERTIONS = NO;
				ENABLE_STRICT_OBJC_MSGSEND = YES;
				GCC_C_LANGUAGE_STANDARD = gnu11;
				GCC_NO_COMMON_BLOCKS = YES;
				GCC_WARN_64_TO_32_BIT_CONVERSION = YES;
				GCC_WARN_ABOUT_RETURN_TYPE = YES_ERROR;
				GCC_WARN_UNDECLARED_SELECTOR = YES;
				GCC_WARN_UNINITIALIZED_AUTOS = YES_AGGRESSIVE;
				GCC_WARN_UNUSED_FUNCTION = YES;
				GCC_WARN_UNUSED_VARIABLE = YES;
				IPHONEOS_DEPLOYMENT_TARGET = 15.0;
				MTL_ENABLE_DEBUG_INFO = NO;
				MTL_FAST_MATH = YES;
				SDKROOT = iphoneos;
				SWIFT_COMPILATION_MODE = wholemodule;
				SWIFT_OPTIMIZATION_LEVEL = "-O";
				VALIDATE_PRODUCT = YES;
			};
			name = Release;
		};
		F1CD59E827F3DAA100055EFF /* Debug */ = {
			isa = XCBuildConfiguration;
			buildSettings = {
				ASSETCATALOG_COMPILER_APPICON_NAME = AppIcon;
				ASSETCATALOG_COMPILER_GLOBAL_ACCENT_COLOR_NAME = AccentColor;
				CODE_SIGN_STYLE = Automatic;
				CURRENT_PROJECT_VERSION = 1;
				DEVELOPMENT_ASSET_PATHS = "\"Scrumdinger/Preview Content\"";
				ENABLE_PREVIEWS = YES;
				GENERATE_INFOPLIST_FILE = YES;
				INFOPLIST_KEY_UIApplicationSceneManifest_Generation = YES;
				INFOPLIST_KEY_UIApplicationSupportsIndirectInputEvents = YES;
				INFOPLIST_KEY_UILaunchScreen_Generation = YES;
				INFOPLIST_KEY_UISupportedInterfaceOrientations_iPad = "UIInterfaceOrientationPortrait UIInterfaceOrientationPortraitUpsideDown UIInterfaceOrientationLandscapeLeft UIInterfaceOrientationLandscapeRight";
				INFOPLIST_KEY_UISupportedInterfaceOrientations_iPhone = "UIInterfaceOrientationPortrait UIInterfaceOrientationLandscapeLeft UIInterfaceOrientationLandscapeRight";
				LD_RUNPATH_SEARCH_PATHS = (
					"$(inherited)",
					"@executable_path/Frameworks",
				);
				MARKETING_VERSION = 1.0;
				PRODUCT_BUNDLE_IDENTIFIER = com.jatawiratama.Scrumdinger;
				PRODUCT_NAME = "$(TARGET_NAME)";
				SWIFT_EMIT_LOC_STRINGS = YES;
				SWIFT_VERSION = 5.0;
				TARGETED_DEVICE_FAMILY = "1,2";
			};
			name = Debug;
		};
		F1CD59E927F3DAA100055EFF /* Release */ = {
			isa = XCBuildConfiguration;
			buildSettings = {
				ASSETCATALOG_COMPILER_APPICON_NAME = AppIcon;
				ASSETCATALOG_COMPILER_GLOBAL_ACCENT_COLOR_NAME = AccentColor;
				CODE_SIGN_STYLE = Automatic;
				CURRENT_PROJECT_VERSION = 1;
				DEVELOPMENT_ASSET_PATHS = "\"Scrumdinger/Preview Content\"";
				ENABLE_PREVIEWS = YES;
				GENERATE_INFOPLIST_FILE = YES;
				INFOPLIST_KEY_UIApplicationSceneManifest_Generation = YES;
				INFOPLIST_KEY_UIApplicationSupportsIndirectInputEvents = YES;
				INFOPLIST_KEY_UILaunchScreen_Generation = YES;
				INFOPLIST_KEY_UISupportedInterfaceOrientations_iPad = "UIInterfaceOrientationPortrait UIInterfaceOrientationPortraitUpsideDown UIInterfaceOrientationLandscapeLeft UIInterfaceOrientationLandscapeRight";
				INFOPLIST_KEY_UISupportedInterfaceOrientations_iPhone = "UIInterfaceOrientationPortrait UIInterfaceOrientationLandscapeLeft UIInterfaceOrientationLandscapeRight";
				LD_RUNPATH_SEARCH_PATHS = (
					"$(inherited)",
					"@executable_path/Frameworks",
				);
				MARKETING_VERSION = 1.0;
				PRODUCT_BUNDLE_IDENTIFIER = com.jatawiratama.Scrumdinger;
				PRODUCT_NAME = "$(TARGET_NAME)";
				SWIFT_EMIT_LOC_STRINGS = YES;
				SWIFT_VERSION = 5.0;
				TARGETED_DEVICE_FAMILY = "1,2";
			};
			name = Release;
		};
		F1CD59EB27F3DAA100055EFF /* Debug */ = {
			isa = XCBuildConfiguration;
			buildSettings = {
				ALWAYS_EMBED_SWIFT_STANDARD_LIBRARIES = YES;
				BUNDLE_LOADER = "$(TEST_HOST)";
				CODE_SIGN_STYLE = Automatic;
				CURRENT_PROJECT_VERSION = 1;
				GENERATE_INFOPLIST_FILE = YES;
				IPHONEOS_DEPLOYMENT_TARGET = 15.0;
				LD_RUNPATH_SEARCH_PATHS = (
					"$(inherited)",
					"@executable_path/Frameworks",
					"@loader_path/Frameworks",
				);
				MARKETING_VERSION = 1.0;
				PRODUCT_BUNDLE_IDENTIFIER = com.jatawiratama.ScrumdingerTests;
				PRODUCT_NAME = "$(TARGET_NAME)";
				SWIFT_EMIT_LOC_STRINGS = NO;
				SWIFT_VERSION = 5.0;
				TARGETED_DEVICE_FAMILY = "1,2";
				TEST_HOST = "$(BUILT_PRODUCTS_DIR)/Scrumdinger.app/Scrumdinger";
			};
			name = Debug;
		};
		F1CD59EC27F3DAA100055EFF /* Release */ = {
			isa = XCBuildConfiguration;
			buildSettings = {
				ALWAYS_EMBED_SWIFT_STANDARD_LIBRARIES = YES;
				BUNDLE_LOADER = "$(TEST_HOST)";
				CODE_SIGN_STYLE = Automatic;
				CURRENT_PROJECT_VERSION = 1;
				GENERATE_INFOPLIST_FILE = YES;
				IPHONEOS_DEPLOYMENT_TARGET = 15.0;
				LD_RUNPATH_SEARCH_PATHS = (
					"$(inherited)",
					"@executable_path/Frameworks",
					"@loader_path/Frameworks",
				);
				MARKETING_VERSION = 1.0;
				PRODUCT_BUNDLE_IDENTIFIER = com.jatawiratama.ScrumdingerTests;
				PRODUCT_NAME = "$(TARGET_NAME)";
				SWIFT_EMIT_LOC_STRINGS = NO;
				SWIFT_VERSION = 5.0;
				TARGETED_DEVICE_FAMILY = "1,2";
				TEST_HOST = "$(BUILT_PRODUCTS_DIR)/Scrumdinger.app/Scrumdinger";
			};
			name = Release;
		};
		F1CD59EE27F3DAA100055EFF /* Debug */ = {
			isa = XCBuildConfiguration;
			buildSettings = {
				ALWAYS_EMBED_SWIFT_STANDARD_LIBRARIES = YES;
				CODE_SIGN_STYLE = Automatic;
				CURRENT_PROJECT_VERSION = 1;
				GENERATE_INFOPLIST_FILE = YES;
				LD_RUNPATH_SEARCH_PATHS = (
					"$(inherited)",
					"@executable_path/Frameworks",
					"@loader_path/Frameworks",
				);
				MARKETING_VERSION = 1.0;
				PRODUCT_BUNDLE_IDENTIFIER = com.jatawiratama.ScrumdingerUITests;
				PRODUCT_NAME = "$(TARGET_NAME)";
				SWIFT_EMIT_LOC_STRINGS = NO;
				SWIFT_VERSION = 5.0;
				TARGETED_DEVICE_FAMILY = "1,2";
				TEST_TARGET_NAME = Scrumdinger;
			};
			name = Debug;
		};
		F1CD59EF27F3DAA100055EFF /* Release */ = {
			isa = XCBuildConfiguration;
			buildSettings = {
				ALWAYS_EMBED_SWIFT_STANDARD_LIBRARIES = YES;
				CODE_SIGN_STYLE = Automatic;
				CURRENT_PROJECT_VERSION = 1;
				GENERATE_INFOPLIST_FILE = YES;
				LD_RUNPATH_SEARCH_PATHS = (
					"$(inherited)",
					"@executable_path/Frameworks",
					"@loader_path/Frameworks",
				);
				MARKETING_VERSION = 1.0;
				PRODUCT_BUNDLE_IDENTIFIER = com.jatawiratama.ScrumdingerUITests;
				PRODUCT_NAME = "$(TARGET_NAME)";
				SWIFT_EMIT_LOC_STRINGS = NO;
				SWIFT_VERSION = 5.0;
				TARGETED_DEVICE_FAMILY = "1,2";
				TEST_TARGET_NAME = Scrumdinger;
			};
			name = Release;
		};
/* End XCBuildConfiguration section */

/* Begin XCConfigurationList section */
		F1CD59BE27F3DA9C00055EFF /* Build configuration list for PBXProject "Scrumdinger" */ = {
			isa = XCConfigurationList;
			buildConfigurations = (
				F1CD59E527F3DAA100055EFF /* Debug */,
				F1CD59E627F3DAA100055EFF /* Release */,
			);
			defaultConfigurationIsVisible = 0;
			defaultConfigurationName = Release;
		};
		F1CD59E727F3DAA100055EFF /* Build configuration list for PBXNativeTarget "Scrumdinger" */ = {
			isa = XCConfigurationList;
			buildConfigurations = (
				F1CD59E827F3DAA100055EFF /* Debug */,
				F1CD59E927F3DAA100055EFF /* Release */,
			);
			defaultConfigurationIsVisible = 0;
			defaultConfigurationName = Release;
		};
		F1CD59EA27F3DAA100055EFF /* Build configuration list for PBXNativeTarget "ScrumdingerTests" */ = {
			isa = XCConfigurationList;
			buildConfigurations = (
				F1CD59EB27F3DAA100055EFF /* Debug */,
				F1CD59EC27F3DAA100055EFF /* Release */,
			);
			defaultConfigurationIsVisible = 0;
			defaultConfigurationName = Release;
		};
		F1CD59ED27F3DAA100055EFF /* Build configuration list for PBXNativeTarget "ScrumdingerUITests" */ = {
			isa = XCConfigurationList;
			buildConfigurations = (
				F1CD59EE27F3DAA100055EFF /* Debug */,
				F1CD59EF27F3DAA100055EFF /* Release */,
			);
			defaultConfigurationIsVisible = 0;
			defaultConfigurationName = Release;
		};
/* End XCConfigurationList section */
	};
	rootObject = F1CD59BB27F3DA9C00055EFF /* Project object */;
}
